// !$*UTF8*$!
{
	archiveVersion = 1;
	classes = {
	};
	objectVersion = 56;
	objects = {

/* Begin PBXBuildFile section */
		F94161742C3AABC400150EE3 /* AppDelegate.swift in Sources */ = {isa = PBXBuildFile; fileRef = F94161732C3AABC400150EE3 /* AppDelegate.swift */; };
		F94161762C3AABC400150EE3 /* SceneDelegate.swift in Sources */ = {isa = PBXBuildFile; fileRef = F94161752C3AABC400150EE3 /* SceneDelegate.swift */; };
		F94161782C3AABC400150EE3 /* ViewController.swift in Sources */ = {isa = PBXBuildFile; fileRef = F94161772C3AABC400150EE3 /* ViewController.swift */; };
		F941617B2C3AABC400150EE3 /* Main.storyboard in Resources */ = {isa = PBXBuildFile; fileRef = F94161792C3AABC400150EE3 /* Main.storyboard */; };
		F941617D2C3AABC500150EE3 /* Assets.xcassets in Resources */ = {isa = PBXBuildFile; fileRef = F941617C2C3AABC500150EE3 /* Assets.xcassets */; };
		F94161802C3AABC500150EE3 /* LaunchScreen.storyboard in Resources */ = {isa = PBXBuildFile; fileRef = F941617E2C3AABC500150EE3 /* LaunchScreen.storyboard */; };
		F941618B2C3AABC500150EE3 /* GITLABTests.swift in Sources */ = {isa = PBXBuildFile; fileRef = F941618A2C3AABC500150EE3 /* GITLABTests.swift */; };
		F94161952C3AABC500150EE3 /* GITLABUITests.swift in Sources */ = {isa = PBXBuildFile; fileRef = F94161942C3AABC500150EE3 /* GITLABUITests.swift */; };
		F94161972C3AABC500150EE3 /* GITLABUITestsLaunchTests.swift in Sources */ = {isa = PBXBuildFile; fileRef = F94161962C3AABC500150EE3 /* GITLABUITestsLaunchTests.swift */; };
		F94161A42C3AB93400150EE3 /* Demofile.swift in Sources */ = {isa = PBXBuildFile; fileRef = F94161A32C3AB93400150EE3 /* Demofile.swift */; };
/* End PBXBuildFile section */

/* Begin PBXContainerItemProxy section */
		F94161872C3AABC500150EE3 /* PBXContainerItemProxy */ = {
			isa = PBXContainerItemProxy;
			containerPortal = F94161682C3AABC400150EE3 /* Project object */;
			proxyType = 1;
			remoteGlobalIDString = F941616F2C3AABC400150EE3;
			remoteInfo = GITLAB;
		};
		F94161912C3AABC500150EE3 /* PBXContainerItemProxy */ = {
			isa = PBXContainerItemProxy;
			containerPortal = F94161682C3AABC400150EE3 /* Project object */;
			proxyType = 1;
			remoteGlobalIDString = F941616F2C3AABC400150EE3;
			remoteInfo = GITLAB;
		};
/* End PBXContainerItemProxy section */

/* Begin PBXFileReference section */
		F94161702C3AABC400150EE3 /* GITLAB.app */ = {isa = PBXFileReference; explicitFileType = wrapper.application; includeInIndex = 0; path = GITLAB.app; sourceTree = BUILT_PRODUCTS_DIR; };
		F94161732C3AABC400150EE3 /* AppDelegate.swift */ = {isa = PBXFileReference; lastKnownFileType = sourcecode.swift; path = AppDelegate.swift; sourceTree = "<group>"; };
		F94161752C3AABC400150EE3 /* SceneDelegate.swift */ = {isa = PBXFileReference; lastKnownFileType = sourcecode.swift; path = SceneDelegate.swift; sourceTree = "<group>"; };
		F94161772C3AABC400150EE3 /* ViewController.swift */ = {isa = PBXFileReference; lastKnownFileType = sourcecode.swift; path = ViewController.swift; sourceTree = "<group>"; };
		F941617A2C3AABC400150EE3 /* Base */ = {isa = PBXFileReference; lastKnownFileType = file.storyboard; name = Base; path = Base.lproj/Main.storyboard; sourceTree = "<group>"; };
		F941617C2C3AABC500150EE3 /* Assets.xcassets */ = {isa = PBXFileReference; lastKnownFileType = folder.assetcatalog; path = Assets.xcassets; sourceTree = "<group>"; };
		F941617F2C3AABC500150EE3 /* Base */ = {isa = PBXFileReference; lastKnownFileType = file.storyboard; name = Base; path = Base.lproj/LaunchScreen.storyboard; sourceTree = "<group>"; };
		F94161812C3AABC500150EE3 /* Info.plist */ = {isa = PBXFileReference; lastKnownFileType = text.plist.xml; path = Info.plist; sourceTree = "<group>"; };
		F94161862C3AABC500150EE3 /* GITLABTests.xctest */ = {isa = PBXFileReference; explicitFileType = wrapper.cfbundle; includeInIndex = 0; path = GITLABTests.xctest; sourceTree = BUILT_PRODUCTS_DIR; };
		F941618A2C3AABC500150EE3 /* GITLABTests.swift */ = {isa = PBXFileReference; lastKnownFileType = sourcecode.swift; path = GITLABTests.swift; sourceTree = "<group>"; };
		F94161902C3AABC500150EE3 /* GITLABUITests.xctest */ = {isa = PBXFileReference; explicitFileType = wrapper.cfbundle; includeInIndex = 0; path = GITLABUITests.xctest; sourceTree = BUILT_PRODUCTS_DIR; };
		F94161942C3AABC500150EE3 /* GITLABUITests.swift */ = {isa = PBXFileReference; lastKnownFileType = sourcecode.swift; path = GITLABUITests.swift; sourceTree = "<group>"; };
		F94161962C3AABC500150EE3 /* GITLABUITestsLaunchTests.swift */ = {isa = PBXFileReference; lastKnownFileType = sourcecode.swift; path = GITLABUITestsLaunchTests.swift; sourceTree = "<group>"; };
		F94161A32C3AB93400150EE3 /* Demofile.swift */ = {isa = PBXFileReference; lastKnownFileType = sourcecode.swift; path = Demofile.swift; sourceTree = "<group>"; };
/* End PBXFileReference section */

/* Begin PBXFrameworksBuildPhase section */
		F941616D2C3AABC400150EE3 /* Frameworks */ = {
			isa = PBXFrameworksBuildPhase;
			buildActionMask = 2147483647;
			files = (
			);
			runOnlyForDeploymentPostprocessing = 0;
		};
		F94161832C3AABC500150EE3 /* Frameworks */ = {
			isa = PBXFrameworksBuildPhase;
			buildActionMask = 2147483647;
			files = (
			);
			runOnlyForDeploymentPostprocessing = 0;
		};
		F941618D2C3AABC500150EE3 /* Frameworks */ = {
			isa = PBXFrameworksBuildPhase;
			buildActionMask = 2147483647;
			files = (
			);
			runOnlyForDeploymentPostprocessing = 0;
		};
/* End PBXFrameworksBuildPhase section */

/* Begin PBXGroup section */
		F94161672C3AABC400150EE3 = {
			isa = PBXGroup;
			children = (
				F94161722C3AABC400150EE3 /* GITLAB */,
				F94161892C3AABC500150EE3 /* GITLABTests */,
				F94161932C3AABC500150EE3 /* GITLABUITests */,
				F94161712C3AABC400150EE3 /* Products */,
			);
			sourceTree = "<group>";
		};
		F94161712C3AABC400150EE3 /* Products */ = {
			isa = PBXGroup;
			children = (
				F94161702C3AABC400150EE3 /* GITLAB.app */,
				F94161862C3AABC500150EE3 /* GITLABTests.xctest */,
				F94161902C3AABC500150EE3 /* GITLABUITests.xctest */,
			);
			name = Products;
			sourceTree = "<group>";
		};
		F94161722C3AABC400150EE3 /* GITLAB */ = {
			isa = PBXGroup;
			children = (
				F94161732C3AABC400150EE3 /* AppDelegate.swift */,
				F94161752C3AABC400150EE3 /* SceneDelegate.swift */,
				F94161772C3AABC400150EE3 /* ViewController.swift */,
				F94161792C3AABC400150EE3 /* Main.storyboard */,
				F941617C2C3AABC500150EE3 /* Assets.xcassets */,
				F941617E2C3AABC500150EE3 /* LaunchScreen.storyboard */,
				F94161812C3AABC500150EE3 /* Info.plist */,
				F94161A32C3AB93400150EE3 /* Demofile.swift */,
			);
			path = GITLAB;
			sourceTree = "<group>";
		};
		F94161892C3AABC500150EE3 /* GITLABTests */ = {
			isa = PBXGroup;
			children = (
				F941618A2C3AABC500150EE3 /* GITLABTests.swift */,
			);
			path = GITLABTests;
			sourceTree = "<group>";
		};
		F94161932C3AABC500150EE3 /* GITLABUITests */ = {
			isa = PBXGroup;
			children = (
				F94161942C3AABC500150EE3 /* GITLABUITests.swift */,
				F94161962C3AABC500150EE3 /* GITLABUITestsLaunchTests.swift */,
			);
			path = GITLABUITests;
			sourceTree = "<group>";
		};
/* End PBXGroup section */

/* Begin PBXNativeTarget section */
		F941616F2C3AABC400150EE3 /* GITLAB */ = {
			isa = PBXNativeTarget;
			buildConfigurationList = F941619A2C3AABC500150EE3 /* Build configuration list for PBXNativeTarget "GITLAB" */;
			buildPhases = (
				F941616C2C3AABC400150EE3 /* Sources */,
				F941616D2C3AABC400150EE3 /* Frameworks */,
				F941616E2C3AABC400150EE3 /* Resources */,
			);
			buildRules = (
			);
			dependencies = (
			);
			name = GITLAB;
			productName = GITLAB;
			productReference = F94161702C3AABC400150EE3 /* GITLAB.app */;
			productType = "com.apple.product-type.application";
		};
		F94161852C3AABC500150EE3 /* GITLABTests */ = {
			isa = PBXNativeTarget;
			buildConfigurationList = F941619D2C3AABC500150EE3 /* Build configuration list for PBXNativeTarget "GITLABTests" */;
			buildPhases = (
				F94161822C3AABC500150EE3 /* Sources */,
				F94161832C3AABC500150EE3 /* Frameworks */,
				F94161842C3AABC500150EE3 /* Resources */,
			);
			buildRules = (
			);
			dependencies = (
				F94161882C3AABC500150EE3 /* PBXTargetDependency */,
			);
			name = GITLABTests;
			productName = GITLABTests;
			productReference = F94161862C3AABC500150EE3 /* GITLABTests.xctest */;
			productType = "com.apple.product-type.bundle.unit-test";
		};
		F941618F2C3AABC500150EE3 /* GITLABUITests */ = {
			isa = PBXNativeTarget;
			buildConfigurationList = F94161A02C3AABC500150EE3 /* Build configuration list for PBXNativeTarget "GITLABUITests" */;
			buildPhases = (
				F941618C2C3AABC500150EE3 /* Sources */,
				F941618D2C3AABC500150EE3 /* Frameworks */,
				F941618E2C3AABC500150EE3 /* Resources */,
			);
			buildRules = (
			);
			dependencies = (
				F94161922C3AABC500150EE3 /* PBXTargetDependency */,
			);
			name = GITLABUITests;
			productName = GITLABUITests;
			productReference = F94161902C3AABC500150EE3 /* GITLABUITests.xctest */;
			productType = "com.apple.product-type.bundle.ui-testing";
		};
/* End PBXNativeTarget section */

/* Begin PBXProject section */
		F94161682C3AABC400150EE3 /* Project object */ = {
			isa = PBXProject;
			attributes = {
				BuildIndependentTargetsInParallel = 1;
				LastSwiftUpdateCheck = 1500;
				LastUpgradeCheck = 1500;
				TargetAttributes = {
					F941616F2C3AABC400150EE3 = {
						CreatedOnToolsVersion = 15.0.1;
					};
					F94161852C3AABC500150EE3 = {
						CreatedOnToolsVersion = 15.0.1;
						TestTargetID = F941616F2C3AABC400150EE3;
					};
					F941618F2C3AABC500150EE3 = {
						CreatedOnToolsVersion = 15.0.1;
						TestTargetID = F941616F2C3AABC400150EE3;
					};
				};
			};
			buildConfigurationList = F941616B2C3AABC400150EE3 /* Build configuration list for PBXProject "GITLAB" */;
			compatibilityVersion = "Xcode 14.0";
			developmentRegion = en;
			hasScannedForEncodings = 0;
			knownRegions = (
				en,
				Base,
			);
			mainGroup = F94161672C3AABC400150EE3;
			productRefGroup = F94161712C3AABC400150EE3 /* Products */;
			projectDirPath = "";
			projectRoot = "";
			targets = (
				F941616F2C3AABC400150EE3 /* GITLAB */,
				F94161852C3AABC500150EE3 /* GITLABTests */,
				F941618F2C3AABC500150EE3 /* GITLABUITests */,
			);
		};
/* End PBXProject section */

/* Begin PBXResourcesBuildPhase section */
		F941616E2C3AABC400150EE3 /* Resources */ = {
			isa = PBXResourcesBuildPhase;
			buildActionMask = 2147483647;
			files = (
				F94161802C3AABC500150EE3 /* LaunchScreen.storyboard in Resources */,
				F941617D2C3AABC500150EE3 /* Assets.xcassets in Resources */,
				F941617B2C3AABC400150EE3 /* Main.storyboard in Resources */,
			);
			runOnlyForDeploymentPostprocessing = 0;
		};
		F94161842C3AABC500150EE3 /* Resources */ = {
			isa = PBXResourcesBuildPhase;
			buildActionMask = 2147483647;
			files = (
			);
			runOnlyForDeploymentPostprocessing = 0;
		};
		F941618E2C3AABC500150EE3 /* Resources */ = {
			isa = PBXResourcesBuildPhase;
			buildActionMask = 2147483647;
			files = (
			);
			runOnlyForDeploymentPostprocessing = 0;
		};
/* End PBXResourcesBuildPhase section */

/* Begin PBXSourcesBuildPhase section */
		F941616C2C3AABC400150EE3 /* Sources */ = {
			isa = PBXSourcesBuildPhase;
			buildActionMask = 2147483647;
			files = (
				F94161782C3AABC400150EE3 /* ViewController.swift in Sources */,
				F94161742C3AABC400150EE3 /* AppDelegate.swift in Sources */,
				F94161A42C3AB93400150EE3 /* Demofile.swift in Sources */,
				F94161762C3AABC400150EE3 /* SceneDelegate.swift in Sources */,
			);
			runOnlyForDeploymentPostprocessing = 0;
		};
		F94161822C3AABC500150EE3 /* Sources */ = {
			isa = PBXSourcesBuildPhase;
			buildActionMask = 2147483647;
			files = (
				F941618B2C3AABC500150EE3 /* GITLABTests.swift in Sources */,
			);
			runOnlyForDeploymentPostprocessing = 0;
		};
		F941618C2C3AABC500150EE3 /* Sources */ = {
			isa = PBXSourcesBuildPhase;
			buildActionMask = 2147483647;
			files = (
				F94161952C3AABC500150EE3 /* GITLABUITests.swift in Sources */,
				F94161972C3AABC500150EE3 /* GITLABUITestsLaunchTests.swift in Sources */,
			);
			runOnlyForDeploymentPostprocessing = 0;
		};
/* End PBXSourcesBuildPhase section */

/* Begin PBXTargetDependency section */
		F94161882C3AABC500150EE3 /* PBXTargetDependency */ = {
			isa = PBXTargetDependency;
			target = F941616F2C3AABC400150EE3 /* GITLAB */;
			targetProxy = F94161872C3AABC500150EE3 /* PBXContainerItemProxy */;
		};
		F94161922C3AABC500150EE3 /* PBXTargetDependency */ = {
			isa = PBXTargetDependency;
			target = F941616F2C3AABC400150EE3 /* GITLAB */;
			targetProxy = F94161912C3AABC500150EE3 /* PBXContainerItemProxy */;
		};
/* End PBXTargetDependency section */

/* Begin PBXVariantGroup section */
		F94161792C3AABC400150EE3 /* Main.storyboard */ = {
			isa = PBXVariantGroup;
			children = (
				F941617A2C3AABC400150EE3 /* Base */,
			);
			name = Main.storyboard;
			sourceTree = "<group>";
		};
		F941617E2C3AABC500150EE3 /* LaunchScreen.storyboard */ = {
			isa = PBXVariantGroup;
			children = (
				F941617F2C3AABC500150EE3 /* Base */,
			);
			name = LaunchScreen.storyboard;
			sourceTree = "<group>";
		};
/* End PBXVariantGroup section */

/* Begin XCBuildConfiguration section */
		F94161982C3AABC500150EE3 /* Debug */ = {
			isa = XCBuildConfiguration;
			buildSettings = {
				ALWAYS_SEARCH_USER_PATHS = NO;
				ASSETCATALOG_COMPILER_GENERATE_SWIFT_ASSET_SYMBOL_EXTENSIONS = YES;
				CLANG_ANALYZER_NONNULL = YES;
				CLANG_ANALYZER_NUMBER_OBJECT_CONVERSION = YES_AGGRESSIVE;
				CLANG_CXX_LANGUAGE_STANDARD = "gnu++20";
				CLANG_ENABLE_MODULES = YES;
				CLANG_ENABLE_OBJC_ARC = YES;
				CLANG_ENABLE_OBJC_WEAK = YES;
				CLANG_WARN_BLOCK_CAPTURE_AUTORELEASING = YES;
				CLANG_WARN_BOOL_CONVERSION = YES;
				CLANG_WARN_COMMA = YES;
				CLANG_WARN_CONSTANT_CONVERSION = YES;
				CLANG_WARN_DEPRECATED_OBJC_IMPLEMENTATIONS = YES;
				CLANG_WARN_DIRECT_OBJC_ISA_USAGE = YES_ERROR;
				CLANG_WARN_DOCUMENTATION_COMMENTS = YES;
				CLANG_WARN_EMPTY_BODY = YES;
				CLANG_WARN_ENUM_CONVERSION = YES;
				CLANG_WARN_INFINITE_RECURSION = YES;
				CLANG_WARN_INT_CONVERSION = YES;
				CLANG_WARN_NON_LITERAL_NULL_CONVERSION = YES;
				CLANG_WARN_OBJC_IMPLICIT_RETAIN_SELF = YES;
				CLANG_WARN_OBJC_LITERAL_CONVERSION = YES;
				CLANG_WARN_OBJC_ROOT_CLASS = YES_ERROR;
				CLANG_WARN_QUOTED_INCLUDE_IN_FRAMEWORK_HEADER = YES;
				CLANG_WARN_RANGE_LOOP_ANALYSIS = YES;
				CLANG_WARN_STRICT_PROTOTYPES = YES;
				CLANG_WARN_SUSPICIOUS_MOVE = YES;
				CLANG_WARN_UNGUARDED_AVAILABILITY = YES_AGGRESSIVE;
				CLANG_WARN_UNREACHABLE_CODE = YES;
				CLANG_WARN__DUPLICATE_METHOD_MATCH = YES;
				COPY_PHASE_STRIP = NO;
				DEBUG_INFORMATION_FORMAT = dwarf;
				ENABLE_STRICT_OBJC_MSGSEND = YES;
				ENABLE_TESTABILITY = YES;
				ENABLE_USER_SCRIPT_SANDBOXING = YES;
				GCC_C_LANGUAGE_STANDARD = gnu17;
				GCC_DYNAMIC_NO_PIC = NO;
				GCC_NO_COMMON_BLOCKS = YES;
				GCC_OPTIMIZATION_LEVEL = 0;
				GCC_PREPROCESSOR_DEFINITIONS = (
					"DEBUG=1",
					"$(inherited)",
				);
				GCC_WARN_64_TO_32_BIT_CONVERSION = YES;
				GCC_WARN_ABOUT_RETURN_TYPE = YES_ERROR;
				GCC_WARN_UNDECLARED_SELECTOR = YES;
				GCC_WARN_UNINITIALIZED_AUTOS = YES_AGGRESSIVE;
				GCC_WARN_UNUSED_FUNCTION = YES;
				GCC_WARN_UNUSED_VARIABLE = YES;
				IPHONEOS_DEPLOYMENT_TARGET = 17.0;
				LOCALIZATION_PREFERS_STRING_CATALOGS = YES;
				MTL_ENABLE_DEBUG_INFO = INCLUDE_SOURCE;
				MTL_FAST_MATH = YES;
				ONLY_ACTIVE_ARCH = YES;
				SDKROOT = iphoneos;
				SWIFT_ACTIVE_COMPILATION_CONDITIONS = "DEBUG $(inherited)";
				SWIFT_OPTIMIZATION_LEVEL = "-Onone";
			};
			name = Debug;
		};
		F94161992C3AABC500150EE3 /* Release */ = {
			isa = XCBuildConfiguration;
			buildSettings = {
				ALWAYS_SEARCH_USER_PATHS = NO;
				ASSETCATALOG_COMPILER_GENERATE_SWIFT_ASSET_SYMBOL_EXTENSIONS = YES;
				CLANG_ANALYZER_NONNULL = YES;
				CLANG_ANALYZER_NUMBER_OBJECT_CONVERSION = YES_AGGRESSIVE;
				CLANG_CXX_LANGUAGE_STANDARD = "gnu++20";
				CLANG_ENABLE_MODULES = YES;
				CLANG_ENABLE_OBJC_ARC = YES;
				CLANG_ENABLE_OBJC_WEAK = YES;
				CLANG_WARN_BLOCK_CAPTURE_AUTORELEASING = YES;
				CLANG_WARN_BOOL_CONVERSION = YES;
				CLANG_WARN_COMMA = YES;
				CLANG_WARN_CONSTANT_CONVERSION = YES;
				CLANG_WARN_DEPRECATED_OBJC_IMPLEMENTATIONS = YES;
				CLANG_WARN_DIRECT_OBJC_ISA_USAGE = YES_ERROR;
				CLANG_WARN_DOCUMENTATION_COMMENTS = YES;
				CLANG_WARN_EMPTY_BODY = YES;
				CLANG_WARN_ENUM_CONVERSION = YES;
				CLANG_WARN_INFINITE_RECURSION = YES;
				CLANG_WARN_INT_CONVERSION = YES;
				CLANG_WARN_NON_LITERAL_NULL_CONVERSION = YES;
				CLANG_WARN_OBJC_IMPLICIT_RETAIN_SELF = YES;
				CLANG_WARN_OBJC_LITERAL_CONVERSION = YES;
				CLANG_WARN_OBJC_ROOT_CLASS = YES_ERROR;
				CLANG_WARN_QUOTED_INCLUDE_IN_FRAMEWORK_HEADER = YES;
				CLANG_WARN_RANGE_LOOP_ANALYSIS = YES;
				CLANG_WARN_STRICT_PROTOTYPES = YES;
				CLANG_WARN_SUSPICIOUS_MOVE = YES;
				CLANG_WARN_UNGUARDED_AVAILABILITY = YES_AGGRESSIVE;
				CLANG_WARN_UNREACHABLE_CODE = YES;
				CLANG_WARN__DUPLICATE_METHOD_MATCH = YES;
				COPY_PHASE_STRIP = NO;
				DEBUG_INFORMATION_FORMAT = "dwarf-with-dsym";
				ENABLE_NS_ASSERTIONS = NO;
				ENABLE_STRICT_OBJC_MSGSEND = YES;
				ENABLE_USER_SCRIPT_SANDBOXING = YES;
				GCC_C_LANGUAGE_STANDARD = gnu17;
				GCC_NO_COMMON_BLOCKS = YES;
				GCC_WARN_64_TO_32_BIT_CONVERSION = YES;
				GCC_WARN_ABOUT_RETURN_TYPE = YES_ERROR;
				GCC_WARN_UNDECLARED_SELECTOR = YES;
				GCC_WARN_UNINITIALIZED_AUTOS = YES_AGGRESSIVE;
				GCC_WARN_UNUSED_FUNCTION = YES;
				GCC_WARN_UNUSED_VARIABLE = YES;
				IPHONEOS_DEPLOYMENT_TARGET = 17.0;
				LOCALIZATION_PREFERS_STRING_CATALOGS = YES;
				MTL_ENABLE_DEBUG_INFO = NO;
				MTL_FAST_MATH = YES;
				SDKROOT = iphoneos;
				SWIFT_COMPILATION_MODE = wholemodule;
				VALIDATE_PRODUCT = YES;
			};
			name = Release;
		};
		F941619B2C3AABC500150EE3 /* Debug */ = {
			isa = XCBuildConfiguration;
			buildSettings = {
				ASSETCATALOG_COMPILER_APPICON_NAME = AppIcon;
				ASSETCATALOG_COMPILER_GLOBAL_ACCENT_COLOR_NAME = AccentColor;
				CODE_SIGN_STYLE = Automatic;
				CURRENT_PROJECT_VERSION = 1;
				GENERATE_INFOPLIST_FILE = YES;
				INFOPLIST_FILE = GITLAB/Info.plist;
				INFOPLIST_KEY_UIApplicationSupportsIndirectInputEvents = YES;
				INFOPLIST_KEY_UILaunchStoryboardName = LaunchScreen;
				INFOPLIST_KEY_UIMainStoryboardFile = Main;
				INFOPLIST_KEY_UISupportedInterfaceOrientations_iPad = "UIInterfaceOrientationPortrait UIInterfaceOrientationPortraitUpsideDown UIInterfaceOrientationLandscapeLeft UIInterfaceOrientationLandscapeRight";
				INFOPLIST_KEY_UISupportedInterfaceOrientations_iPhone = "UIInterfaceOrientationPortrait UIInterfaceOrientationLandscapeLeft UIInterfaceOrientationLandscapeRight";
				LD_RUNPATH_SEARCH_PATHS = (
					"$(inherited)",
					"@executable_path/Frameworks",
				);
				MARKETING_VERSION = 1.0;
				PRODUCT_BUNDLE_IDENTIFIER = com.rohit.product.GITLAB;
				PRODUCT_NAME = "$(TARGET_NAME)";
				SWIFT_EMIT_LOC_STRINGS = YES;
				SWIFT_VERSION = 5.0;
				TARGETED_DEVICE_FAMILY = "1,2";
			};
			name = Debug;
		};
		F941619C2C3AABC500150EE3 /* Release */ = {
			isa = XCBuildConfiguration;
			buildSettings = {
				ASSETCATALOG_COMPILER_APPICON_NAME = AppIcon;
				ASSETCATALOG_COMPILER_GLOBAL_ACCENT_COLOR_NAME = AccentColor;
				CODE_SIGN_STYLE = Automatic;
				CURRENT_PROJECT_VERSION = 1;
				GENERATE_INFOPLIST_FILE = YES;
				INFOPLIST_FILE = GITLAB/Info.plist;
				INFOPLIST_KEY_UIApplicationSupportsIndirectInputEvents = YES;
				INFOPLIST_KEY_UILaunchStoryboardName = LaunchScreen;
				INFOPLIST_KEY_UIMainStoryboardFile = Main;
				INFOPLIST_KEY_UISupportedInterfaceOrientations_iPad = "UIInterfaceOrientationPortrait UIInterfaceOrientationPortraitUpsideDown UIInterfaceOrientationLandscapeLeft UIInterfaceOrientationLandscapeRight";
				INFOPLIST_KEY_UISupportedInterfaceOrientations_iPhone = "UIInterfaceOrientationPortrait UIInterfaceOrientationLandscapeLeft UIInterfaceOrientationLandscapeRight";
				LD_RUNPATH_SEARCH_PATHS = (
					"$(inherited)",
					"@executable_path/Frameworks",
				);
				MARKETING_VERSION = 1.0;
				PRODUCT_BUNDLE_IDENTIFIER = com.rohit.product.GITLAB;
				PRODUCT_NAME = "$(TARGET_NAME)";
				SWIFT_EMIT_LOC_STRINGS = YES;
				SWIFT_VERSION = 5.0;
				TARGETED_DEVICE_FAMILY = "1,2";
			};
			name = Release;
		};
		F941619E2C3AABC500150EE3 /* Debug */ = {
			isa = XCBuildConfiguration;
			buildSettings = {
				ALWAYS_EMBED_SWIFT_STANDARD_LIBRARIES = YES;
				BUNDLE_LOADER = "$(TEST_HOST)";
				CODE_SIGN_STYLE = Automatic;
				CURRENT_PROJECT_VERSION = 1;
				GENERATE_INFOPLIST_FILE = YES;
				IPHONEOS_DEPLOYMENT_TARGET = 17.0;
				MARKETING_VERSION = 1.0;
				PRODUCT_BUNDLE_IDENTIFIER = com.rohit.product.GITLABTests;
				PRODUCT_NAME = "$(TARGET_NAME)";
				SWIFT_EMIT_LOC_STRINGS = NO;
				SWIFT_VERSION = 5.0;
				TARGETED_DEVICE_FAMILY = "1,2";
				TEST_HOST = "$(BUILT_PRODUCTS_DIR)/GITLAB.app/$(BUNDLE_EXECUTABLE_FOLDER_PATH)/GITLAB";
			};
			name = Debug;
		};
		F941619F2C3AABC500150EE3 /* Release */ = {
			isa = XCBuildConfiguration;
			buildSettings = {
				ALWAYS_EMBED_SWIFT_STANDARD_LIBRARIES = YES;
				BUNDLE_LOADER = "$(TEST_HOST)";
				CODE_SIGN_STYLE = Automatic;
				CURRENT_PROJECT_VERSION = 1;
				GENERATE_INFOPLIST_FILE = YES;
				IPHONEOS_DEPLOYMENT_TARGET = 17.0;
				MARKETING_VERSION = 1.0;
				PRODUCT_BUNDLE_IDENTIFIER = com.rohit.product.GITLABTests;
				PRODUCT_NAME = "$(TARGET_NAME)";
				SWIFT_EMIT_LOC_STRINGS = NO;
				SWIFT_VERSION = 5.0;
				TARGETED_DEVICE_FAMILY = "1,2";
				TEST_HOST = "$(BUILT_PRODUCTS_DIR)/GITLAB.app/$(BUNDLE_EXECUTABLE_FOLDER_PATH)/GITLAB";
			};
			name = Release;
		};
		F94161A12C3AABC500150EE3 /* Debug */ = {
			isa = XCBuildConfiguration;
			buildSettings = {
				ALWAYS_EMBED_SWIFT_STANDARD_LIBRARIES = YES;
				CODE_SIGN_STYLE = Automatic;
				CURRENT_PROJECT_VERSION = 1;
				GENERATE_INFOPLIST_FILE = YES;
				MARKETING_VERSION = 1.0;
				PRODUCT_BUNDLE_IDENTIFIER = com.rohit.product.GITLABUITests;
				PRODUCT_NAME = "$(TARGET_NAME)";
				SWIFT_EMIT_LOC_STRINGS = NO;
				SWIFT_VERSION = 5.0;
				TARGETED_DEVICE_FAMILY = "1,2";
				TEST_TARGET_NAME = GITLAB;
			};
			name = Debug;
		};
		F94161A22C3AABC500150EE3 /* Release */ = {
			isa = XCBuildConfiguration;
			buildSettings = {
				ALWAYS_EMBED_SWIFT_STANDARD_LIBRARIES = YES;
				CODE_SIGN_STYLE = Automatic;
				CURRENT_PROJECT_VERSION = 1;
				GENERATE_INFOPLIST_FILE = YES;
				MARKETING_VERSION = 1.0;
				PRODUCT_BUNDLE_IDENTIFIER = com.rohit.product.GITLABUITests;
				PRODUCT_NAME = "$(TARGET_NAME)";
				SWIFT_EMIT_LOC_STRINGS = NO;
				SWIFT_VERSION = 5.0;
				TARGETED_DEVICE_FAMILY = "1,2";
				TEST_TARGET_NAME = GITLAB;
			};
			name = Release;
		};
/* End XCBuildConfiguration section */

/* Begin XCConfigurationList section */
		F941616B2C3AABC400150EE3 /* Build configuration list for PBXProject "GITLAB" */ = {
			isa = XCConfigurationList;
			buildConfigurations = (
				F94161982C3AABC500150EE3 /* Debug */,
				F94161992C3AABC500150EE3 /* Release */,
			);
			defaultConfigurationIsVisible = 0;
			defaultConfigurationName = Release;
		};
		F941619A2C3AABC500150EE3 /* Build configuration list for PBXNativeTarget "GITLAB" */ = {
			isa = XCConfigurationList;
			buildConfigurations = (
				F941619B2C3AABC500150EE3 /* Debug */,
				F941619C2C3AABC500150EE3 /* Release */,
			);
			defaultConfigurationIsVisible = 0;
			defaultConfigurationName = Release;
		};
		F941619D2C3AABC500150EE3 /* Build configuration list for PBXNativeTarget "GITLABTests" */ = {
			isa = XCConfigurationList;
			buildConfigurations = (
				F941619E2C3AABC500150EE3 /* Debug */,
				F941619F2C3AABC500150EE3 /* Release */,
			);
			defaultConfigurationIsVisible = 0;
			defaultConfigurationName = Release;
		};
		F94161A02C3AABC500150EE3 /* Build configuration list for PBXNativeTarget "GITLABUITests" */ = {
			isa = XCConfigurationList;
			buildConfigurations = (
				F94161A12C3AABC500150EE3 /* Debug */,
				F94161A22C3AABC500150EE3 /* Release */,
			);
			defaultConfigurationIsVisible = 0;
			defaultConfigurationName = Release;
		};
/* End XCConfigurationList section */
	};
	rootObject = F94161682C3AABC400150EE3 /* Project object */;
}
